
Microsoft Visual Studio Solution File, Format Version 12.00
# Visual Studio Version 16
VisualStudioVersion = 16.0.29509.3
MinimumVisualStudioVersion = 10.0.40219.1
Project("{9A19103F-16F7-4668-BE54-9A1E7A4F7556}") = "Xunit.Extensions.TestDependency", "Xunit.Extensions.TestDependency\Xunit.Extensions.TestDependency.csproj", "{B19FF88B-32B9-467D-8243-2AF34E8A35E1}"
EndProject
Project("{9A19103F-16F7-4668-BE54-9A1E7A4F7556}") = "Xunit.Extensions.TestDependency-Tests", "Xunit.Extensions.TestDependency-Tests\Xunit.Extensions.TestDependency-Tests.csproj", "{A35F7AC9-ECEF-4E24-A139-15F004D2EB92}"
EndProject
Global
	GlobalSection(SolutionConfigurationPlatforms) = preSolution
		Debug|Any CPU = Debug|Any CPU
		Release|Any CPU = Release|Any CPU
	EndGlobalSection
	GlobalSection(ProjectConfigurationPlatforms) = postSolution
		{B19FF88B-32B9-467D-8243-2AF34E8A35E1}.Debug|Any CPU.ActiveCfg = Debug|Any CPU
		{B19FF88B-32B9-467D-8243-2AF34E8A35E1}.Debug|Any CPU.Build.0 = Debug|Any CPU
		{B19FF88B-32B9-467D-8243-2AF34E8A35E1}.Release|Any CPU.ActiveCfg = Release|Any CPU
		{B19FF88B-32B9-467D-8243-2AF34E8A35E1}.Release|Any CPU.Build.0 = Release|Any CPU
		{A35F7AC9-ECEF-4E24-A139-15F004D2EB92}.Debug|Any CPU.ActiveCfg = Debug|Any CPU
		{A35F7AC9-ECEF-4E24-A139-15F004D2EB92}.Debug|Any CPU.Build.0 = Debug|Any CPU
		{A35F7AC9-ECEF-4E24-A139-15F004D2EB92}.Release|Any CPU.ActiveCfg = Release|Any CPU
		{A35F7AC9-ECEF-4E24-A139-15F004D2EB92}.Release|Any CPU.Build.0 = Release|Any CPU
	EndGlobalSection
	GlobalSection(SolutionProperties) = preSolution
		HideSolutionNode = FALSE
	EndGlobalSection
	GlobalSection(ExtensibilityGlobals) = postSolution
		SolutionGuid = {6261A6E9-D1CD-4BFF-B209-0B653C1FCC7A}
	EndGlobalSection
EndGlobal
